
Microsoft Visual Studio Solution File, Format Version 12.00
# Visual Studio Version 16
VisualStudioVersion = 16.0.30503.244
MinimumVisualStudioVersion = 10.0.40219.1
Project("{FAE04EC0-301F-11D3-BF4B-00C04F79EFBC}") = "VarosEpitoProject", "VarosEpitoProject\VarosEpitoProject.csproj", "{A16F718B-FAE0-4F01-A7CF-E66F63B0E008}"
EndProject
Global
	GlobalSection(SolutionConfigurationPlatforms) = preSolution
		Debug|Any CPU = Debug|Any CPU
		Release|Any CPU = Release|Any CPU
	EndGlobalSection
	GlobalSection(ProjectConfigurationPlatforms) = postSolution
		{A16F718B-FAE0-4F01-A7CF-E66F63B0E008}.Debug|Any CPU.ActiveCfg = Debug|Any CPU
		{A16F718B-FAE0-4F01-A7CF-E66F63B0E008}.Debug|Any CPU.Build.0 = Debug|Any CPU
		{A16F718B-FAE0-4F01-A7CF-E66F63B0E008}.Release|Any CPU.ActiveCfg = Release|Any CPU
		{A16F718B-FAE0-4F01-A7CF-E66F63B0E008}.Release|Any CPU.Build.0 = Release|Any CPU
	EndGlobalSection
	GlobalSection(SolutionProperties) = preSolution
		HideSolutionNode = FALSE
	EndGlobalSection
	GlobalSection(ExtensibilityGlobals) = postSolution
		SolutionGuid = {D1378D24-B80C-44D4-A245-8961E3A48F69}
	EndGlobalSection
EndGlobal
